<Solution>
  <Folder Name="/Examples/">
    <Project Path="CommerceConsoleApp/CommerceConsoleApp.csproj" />
    <Project Path="GamesAPI/GamesAPI.csproj" Id="f47d435c-6aaa-43c5-8fcc-d89a3319ad31" />
    <Project Path="PaymentAPI/PaymentAPI.csproj" Id="4dc70fc2-1bd4-4eb5-b60a-66a2d22ea9f8" />
  </Folder>
  <Folder Name="/MDs/">
    <File Path="../../../../../Downloads/FLUSH_IMPLEMENTATION.md" />
    <File Path="../../../../../Downloads/STEP_9_DEGRADED_MODE_DOCUMENTATION.md" />
    <File Path="../../../../../Downloads/STEP_9_STARTUP_SHUTDOWN_DISPOSE_IMPLEMENTATION.md" />
    <File Path="../../../../Downloads/LIFECYCLE_GOVERNANCE.md" />
    <File Path="../../../../Downloads/rfc_core_de_logging.md" />
    <File Path="../../../../Downloads/STARTUP_SHUTDOWN_DISPOSE_CONTRACTS.md" />
    <File Path="CustomLogger/Análise Arquitetural.md" />
    <File Path="CustomLogger/planejamento_arquitetural_evolucao_do_custom_logger - Copy.md" />
  </Folder>
  <Project Path="CustomLogger.AspNetCore.HealthChecks/CustomLogger.AspNetCore.HealthChecks.csproj" Id="344ae80d-5997-4e2e-bc5e-d784a9654aa8" />
  <Project Path="CustomLogger.HealthChecks/CustomLogger.HealthChecks.csproj" Id="b82ed402-e5d4-490f-ac02-71c8eddf9134" />
  <Project Path="CustomLogger.OpenTelemetry.AspNet/CustomLogger.OpenTelemetry.AspNet.csproj" Id="b85a1fe5-1a78-4a33-a1e8-117becd02311" />
  <Project Path="CustomLogger.OpenTelemetry/CustomLogger.OpenTelemetry.csproj" Id="7aacae0c-c39b-4b54-be6e-6d58a52f064a" />
  <Project Path="CustomLogger.Tests/CustomLogger.Tests.csproj" Id="fb43802b-87a0-4003-8c0c-5f2eb18c615a" />
  <Project Path="CustomLogger/CustomLogger.csproj" />
</Solution>
